
Microsoft Visual Studio Solution File, Format Version 12.00
# Visual Studio 14
VisualStudioVersion = 14.0.25420.1
MinimumVisualStudioVersion = 10.0.40219.1
Project("{FAE04EC0-301F-11D3-BF4B-00C04F79EFBC}") = "MVCApp_0608", "MVCApp_0608\MVCApp_0608.csproj", "{2EC1AC4B-5705-4676-B532-39483D304FE9}"
EndProject
Project("{FAE04EC0-301F-11D3-BF4B-00C04F79EFBC}") = "MVCApp_0608.Tests", "MVCApp_0608.Tests\MVCApp_0608.Tests.csproj", "{58FEFF0F-42D9-4A05-961E-3C8B9CD01547}"
EndProject
Global
	GlobalSection(SolutionConfigurationPlatforms) = preSolution
		Debug|Any CPU = Debug|Any CPU
		Release|Any CPU = Release|Any CPU
	EndGlobalSection
	GlobalSection(ProjectConfigurationPlatforms) = postSolution
		{2EC1AC4B-5705-4676-B532-39483D304FE9}.Debug|Any CPU.ActiveCfg = Debug|Any CPU
		{2EC1AC4B-5705-4676-B532-39483D304FE9}.Debug|Any CPU.Build.0 = Debug|Any CPU
		{2EC1AC4B-5705-4676-B532-39483D304FE9}.Release|Any CPU.ActiveCfg = Release|Any CPU
		{2EC1AC4B-5705-4676-B532-39483D304FE9}.Release|Any CPU.Build.0 = Release|Any CPU
		{58FEFF0F-42D9-4A05-961E-3C8B9CD01547}.Debug|Any CPU.ActiveCfg = Debug|Any CPU
		{58FEFF0F-42D9-4A05-961E-3C8B9CD01547}.Debug|Any CPU.Build.0 = Debug|Any CPU
		{58FEFF0F-42D9-4A05-961E-3C8B9CD01547}.Release|Any CPU.ActiveCfg = Release|Any CPU
		{58FEFF0F-42D9-4A05-961E-3C8B9CD01547}.Release|Any CPU.Build.0 = Release|Any CPU
	EndGlobalSection
	GlobalSection(SolutionProperties) = preSolution
		HideSolutionNode = FALSE
	EndGlobalSection
EndGlobal
